{
  "name": "test",
  "version": "0.0.0",
  "lockfileVersion": 2,
  "requires": true,
  "packages": {
    "": {
      "version": "0.0.0",
      "dependencies": {
        "vue": "^3.0.0-rc.10"
      }
    },
    "node_modules/@babel/helper-validator-identifier": {
      "version": "7.18.6",
      "resolved": "http://af.hikvision.com.cn/artifactory/api/npm/npm-down/@babel/helper-validator-identifier/-/helper-validator-identifier-7.18.6.tgz",
      "integrity": "sha512-MmetCkz9ej86nJQV+sFCxoGGrUbU3q02kgLciwkrt9QqEB7cP39oKEY0PakknEO0Gu20SskMRi+AYZ3b1TpN9g==",
      "license": "MIT",
      "engines": {
        "node": ">=6.9.0"
      }
    },
    "node_modules/@babel/parser": {
      "version": "7.18.9",
      "resolved": "http://af.hikvision.com.cn/artifactory/api/npm/npm-down/@babel/parser/-/parser-7.18.9.tgz",
      "integrity": "sha512-9uJveS9eY9DJ0t64YbIBZICtJy8a5QrDEVdiLCG97fVLpDTpGX7t8mMSb6OWw6Lrnjqj4O8zwjELX3dhoMgiBg==",
      "license": "MIT",
      "bin": {
        "parser": "bin/babel-parser.js"
      },
      "engines": {
        "node": ">=6.0.0"
      }
    },
    "node_modules/@babel/types": {
      "version": "7.18.9",
      "resolved": "http://af.hikvision.com.cn/artifactory/api/npm/npm-down/@babel/types/-/types-7.18.9.tgz",
      "integrity": "sha512-WwMLAg2MvJmt/rKEVQBBhIVffMmnilX4oe0sRe7iPOHIGsqpruFHHdrfj4O1CMMtgMtCU4oPafZjDPCRgO57Wg==",
      "license": "MIT",
      "dependencies": {
        "@babel/helper-validator-identifier": "^7.18.6",
        "to-fast-properties": "^2.0.0"
      },
      "engines": {
        "node": ">=6.9.0"
      }
    },
    "node_modules/@vue/compiler-core": {
      "version": "3.0.0-rc.10",
      "resolved": "http://af.hikvision.com.cn/artifactory/api/npm/npm-down/@vue/compiler-core/-/compiler-core-3.0.0-rc.10.tgz",
      "integrity": "sha512-kQzHzRsM0NPAWHeqSTb2J4VsHhjRkGeLTsGzeMnW+sojgTnS3T94KacwvYgVS4qeZAKiDq0bMNZoJWrHVQ3T8g==",
      "license": "MIT",
      "dependencies": {
        "@babel/parser": "^7.10.4",
        "@babel/types": "^7.10.4",
        "@vue/shared": "3.0.0-rc.10",
        "estree-walker": "^2.0.1",
        "source-map": "^0.6.1"
      }
    },
    "node_modules/@vue/compiler-dom": {
      "version": "3.0.0-rc.10",
      "resolved": "http://af.hikvision.com.cn/artifactory/api/npm/npm-down/@vue/compiler-dom/-/compiler-dom-3.0.0-rc.10.tgz",
      "integrity": "sha512-pqIUf5leZm0P9379utrRSVBMxhV8XaqJTEFFp5etCtbEa/H5ALs29EjFMtMcm9sQaVkZlKLu86mgIacbYB9Q3w==",
      "license": "MIT",
      "dependencies": {
        "@vue/compiler-core": "3.0.0-rc.10",
        "@vue/shared": "3.0.0-rc.10"
      }
    },
    "node_modules/@vue/reactivity": {
      "version": "3.0.0-rc.10",
      "resolved": "http://af.hikvision.com.cn/artifactory/api/npm/npm-down/@vue/reactivity/-/reactivity-3.0.0-rc.10.tgz",
      "integrity": "sha512-mkUZfOJlbqGZx2cARmhCs5r2+xLJPL7VFNagmlA3Fd66ZXBc3ZvTQdYsY4VUbYJFe5ByIzqu9TZiAkzXY+JVaA==",
      "license": "MIT",
      "dependencies": {
        "@vue/shared": "3.0.0-rc.10"
      }
    },
    "node_modules/@vue/runtime-core": {
      "version": "3.0.0-rc.10",
      "resolved": "http://af.hikvision.com.cn/artifactory/api/npm/npm-down/@vue/runtime-core/-/runtime-core-3.0.0-rc.10.tgz",
      "integrity": "sha512-VK/kq4gDDoqZ45CVwdbLLpikXLYLCt6YLhdgXX3fhf20gvPqrbEZv1ZNLruNnhhTpf9cLyU4tZ18DHeaUYPziw==",
      "license": "MIT",
      "dependencies": {
        "@vue/reactivity": "3.0.0-rc.10",
        "@vue/shared": "3.0.0-rc.10"
      }
    },
    "node_modules/@vue/runtime-dom": {
      "version": "3.0.0-rc.10",
      "resolved": "http://af.hikvision.com.cn/artifactory/api/npm/npm-down/@vue/runtime-dom/-/runtime-dom-3.0.0-rc.10.tgz",
      "integrity": "sha512-bH4GuneHt3FQ+/21jba5orM/CO9N1cnT7J3wtrxopFJ4/4H5cvHXyG6v+ZVTu1d733Ij/6yMRA7xbtfi9a4zJw==",
      "license": "MIT",
      "dependencies": {
        "@vue/runtime-core": "3.0.0-rc.10",
        "@vue/shared": "3.0.0-rc.10",
        "csstype": "^2.6.8"
      }
    },
    "node_modules/@vue/shared": {
      "version": "3.0.0-rc.10",
      "resolved": "http://af.hikvision.com.cn/artifactory/api/npm/npm-down/@vue/shared/-/shared-3.0.0-rc.10.tgz",
      "integrity": "sha512-fI6gVhhgb3cAmEkY4oeVVA2hWZ2xvkgogHdBI5PL7gSvZnOB6XZ2eQGsYjC4W+7BegvEkoMBuZsFXVa4ZQ07XQ==",
      "license": "MIT"
    },
    "node_modules/csstype": {
      "version": "2.6.20",
      "resolved": "http://af.hikvision.com.cn/artifactory/api/npm/npm-down/csstype/-/csstype-2.6.20.tgz",
      "integrity": "sha512-/WwNkdXfckNgw6S5R125rrW8ez139lBHWouiBvX8dfMFtcn6V81REDqnH7+CRpRipfYlyU1CmOnOxrmGcFOjeA==",
      "license": "MIT"
    },
    "node_modules/estree-walker": {
      "version": "2.0.2",
      "resolved": "http://af.hikvision.com.cn/artifactory/api/npm/npm-down/estree-walker/-/estree-walker-2.0.2.tgz",
      "integrity": "sha512-Rfkk/Mp/DL7JVje3u18FxFujQlTNR2q6QfMSMB7AvCBx91NGj/ba3kCfza0f6dVDbw7YlRf/nDrn7pQrCCyQ/w==",
      "license": "MIT"
    },
    "node_modules/source-map": {
      "version": "0.6.1",
      "resolved": "http://af.hikvision.com.cn/artifactory/api/npm/npm-down/source-map/-/source-map-0.6.1.tgz",
      "integrity": "sha512-UjgapumWlbMhkBgzT7Ykc5YXUT46F0iKu8SGXq0bcwP5dz/h0Plj6enJqjz1Zbq2l5WaqYnrVbwWOWMyF3F47g==",
      "license": "BSD-3-Clause",
      "engines": {
        "node": ">=0.10.0"
      }
    },
    "node_modules/to-fast-properties": {
      "version": "2.0.0",
      "resolved": "http://af.hikvision.com.cn/artifactory/api/npm/npm-down/to-fast-properties/-/to-fast-properties-2.0.0.tgz",
      "integrity": "sha512-/OaKK0xYrs3DmxRYqL/yDc+FxFUVYhDlXMhRmv3z915w2HF1tnN1omB354j8VUGO/hbRzyD6Y3sA7v7GS/ceog==",
      "license": "MIT",
      "engines": {
        "node": ">=4"
      }
    },
    "node_modules/vue": {
      "version": "3.0.0-rc.10",
      "resolved": "http://af.hikvision.com.cn/artifactory/api/npm/npm-down/vue/-/vue-3.0.0-rc.10.tgz",
      "integrity": "sha512-nRsyIQtOWLDMBb5dsPwg/WdIqznCMVWN6O6wJSzhseKC768wHlZKcJ7SPHhWPid9wi3Ykhtl9vtgvxTK/qICkw==",
      "license": "MIT",
      "dependencies": {
        "@vue/compiler-dom": "3.0.0-rc.10",
        "@vue/runtime-dom": "3.0.0-rc.10",
        "@vue/shared": "3.0.0-rc.10"
      }
    }
  },
  "dependencies": {
    "@babel/helper-validator-identifier": {
      "version": "7.18.6",
      "resolved": "http://af.hikvision.com.cn/artifactory/api/npm/npm-down/@babel/helper-validator-identifier/-/helper-validator-identifier-7.18.6.tgz",
      "integrity": "sha512-MmetCkz9ej86nJQV+sFCxoGGrUbU3q02kgLciwkrt9QqEB7cP39oKEY0PakknEO0Gu20SskMRi+AYZ3b1TpN9g=="
    },
    "@babel/parser": {
      "version": "7.18.9",
      "resolved": "http://af.hikvision.com.cn/artifactory/api/npm/npm-down/@babel/parser/-/parser-7.18.9.tgz",
      "integrity": "sha512-9uJveS9eY9DJ0t64YbIBZICtJy8a5QrDEVdiLCG97fVLpDTpGX7t8mMSb6OWw6Lrnjqj4O8zwjELX3dhoMgiBg=="
    },
    "@babel/types": {
      "version": "7.18.9",
      "resolved": "http://af.hikvision.com.cn/artifactory/api/npm/npm-down/@babel/types/-/types-7.18.9.tgz",
      "integrity": "sha512-WwMLAg2MvJmt/rKEVQBBhIVffMmnilX4oe0sRe7iPOHIGsqpruFHHdrfj4O1CMMtgMtCU4oPafZjDPCRgO57Wg==",
      "requires": {
        "@babel/helper-validator-identifier": "^7.18.6",
        "to-fast-properties": "^2.0.0"
      }
    },
    "@vue/compiler-core": {
      "version": "3.0.0-rc.10",
      "resolved": "http://af.hikvision.com.cn/artifactory/api/npm/npm-down/@vue/compiler-core/-/compiler-core-3.0.0-rc.10.tgz",
      "integrity": "sha512-kQzHzRsM0NPAWHeqSTb2J4VsHhjRkGeLTsGzeMnW+sojgTnS3T94KacwvYgVS4qeZAKiDq0bMNZoJWrHVQ3T8g==",
      "requires": {
        "@babel/parser": "^7.10.4",
        "@babel/types": "^7.10.4",
        "@vue/shared": "3.0.0-rc.10",
        "estree-walker": "^2.0.1",
        "source-map": "^0.6.1"
      }
    },
    "@vue/compiler-dom": {
      "version": "3.0.0-rc.10",
      "resolved": "http://af.hikvision.com.cn/artifactory/api/npm/npm-down/@vue/compiler-dom/-/compiler-dom-3.0.0-rc.10.tgz",
      "integrity": "sha512-pqIUf5leZm0P9379utrRSVBMxhV8XaqJTEFFp5etCtbEa/H5ALs29EjFMtMcm9sQaVkZlKLu86mgIacbYB9Q3w==",
      "requires": {
        "@vue/compiler-core": "3.0.0-rc.10",
        "@vue/shared": "3.0.0-rc.10"
      }
    },
    "@vue/reactivity": {
      "version": "3.0.0-rc.10",
      "resolved": "http://af.hikvision.com.cn/artifactory/api/npm/npm-down/@vue/reactivity/-/reactivity-3.0.0-rc.10.tgz",
      "integrity": "sha512-mkUZfOJlbqGZx2cARmhCs5r2+xLJPL7VFNagmlA3Fd66ZXBc3ZvTQdYsY4VUbYJFe5ByIzqu9TZiAkzXY+JVaA==",
      "requires": {
        "@vue/shared": "3.0.0-rc.10"
      }
    },
    "@vue/runtime-core": {
      "version": "3.0.0-rc.10",
      "resolved": "http://af.hikvision.com.cn/artifactory/api/npm/npm-down/@vue/runtime-core/-/runtime-core-3.0.0-rc.10.tgz",
      "integrity": "sha512-VK/kq4gDDoqZ45CVwdbLLpikXLYLCt6YLhdgXX3fhf20gvPqrbEZv1ZNLruNnhhTpf9cLyU4tZ18DHeaUYPziw==",
      "requires": {
        "@vue/reactivity": "3.0.0-rc.10",
        "@vue/shared": "3.0.0-rc.10"
      }
    },
    "@vue/runtime-dom": {
      "version": "3.0.0-rc.10",
      "resolved": "http://af.hikvision.com.cn/artifactory/api/npm/npm-down/@vue/runtime-dom/-/runtime-dom-3.0.0-rc.10.tgz",
      "integrity": "sha512-bH4GuneHt3FQ+/21jba5orM/CO9N1cnT7J3wtrxopFJ4/4H5cvHXyG6v+ZVTu1d733Ij/6yMRA7xbtfi9a4zJw==",
      "requires": {
        "@vue/runtime-core": "3.0.0-rc.10",
        "@vue/shared": "3.0.0-rc.10",
        "csstype": "^2.6.8"
      }
    },
    "@vue/shared": {
      "version": "3.0.0-rc.10",
      "resolved": "http://af.hikvision.com.cn/artifactory/api/npm/npm-down/@vue/shared/-/shared-3.0.0-rc.10.tgz",
      "integrity": "sha512-fI6gVhhgb3cAmEkY4oeVVA2hWZ2xvkgogHdBI5PL7gSvZnOB6XZ2eQGsYjC4W+7BegvEkoMBuZsFXVa4ZQ07XQ=="
    },
    "csstype": {
      "version": "2.6.20",
      "resolved": "http://af.hikvision.com.cn/artifactory/api/npm/npm-down/csstype/-/csstype-2.6.20.tgz",
      "integrity": "sha512-/WwNkdXfckNgw6S5R125rrW8ez139lBHWouiBvX8dfMFtcn6V81REDqnH7+CRpRipfYlyU1CmOnOxrmGcFOjeA=="
    },
    "estree-walker": {
      "version": "2.0.2",
      "resolved": "http://af.hikvision.com.cn/artifactory/api/npm/npm-down/estree-walker/-/estree-walker-2.0.2.tgz",
      "integrity": "sha512-Rfkk/Mp/DL7JVje3u18FxFujQlTNR2q6QfMSMB7AvCBx91NGj/ba3kCfza0f6dVDbw7YlRf/nDrn7pQrCCyQ/w=="
    },
    "source-map": {
      "version": "0.6.1",
      "resolved": "http://af.hikvision.com.cn/artifactory/api/npm/npm-down/source-map/-/source-map-0.6.1.tgz",
      "integrity": "sha512-UjgapumWlbMhkBgzT7Ykc5YXUT46F0iKu8SGXq0bcwP5dz/h0Plj6enJqjz1Zbq2l5WaqYnrVbwWOWMyF3F47g=="
    },
    "to-fast-properties": {
      "version": "2.0.0",
      "resolved": "http://af.hikvision.com.cn/artifactory/api/npm/npm-down/to-fast-properties/-/to-fast-properties-2.0.0.tgz",
      "integrity": "sha512-/OaKK0xYrs3DmxRYqL/yDc+FxFUVYhDlXMhRmv3z915w2HF1tnN1omB354j8VUGO/hbRzyD6Y3sA7v7GS/ceog=="
    },
    "vue": {
      "version": "3.0.0-rc.10",
      "resolved": "http://af.hikvision.com.cn/artifactory/api/npm/npm-down/vue/-/vue-3.0.0-rc.10.tgz",
      "integrity": "sha512-nRsyIQtOWLDMBb5dsPwg/WdIqznCMVWN6O6wJSzhseKC768wHlZKcJ7SPHhWPid9wi3Ykhtl9vtgvxTK/qICkw==",
      "requires": {
        "@vue/compiler-dom": "3.0.0-rc.10",
        "@vue/runtime-dom": "3.0.0-rc.10",
        "@vue/shared": "3.0.0-rc.10"
      }
    }
  }
}
